// !$*UTF8*$!
{
	archiveVersion = 1;
	classes = {
	};
	objectVersion = 46;
	objects = {

/* Begin PBXAggregateTarget section */
		556759671AC444E90071059B /* ModelGenerator */ = {
			isa = PBXAggregateTarget;
			buildConfigurationList = 556759681AC444E90071059B /* Build configuration list for PBXAggregateTarget "ModelGenerator" */;
			buildPhases = (
				5567596B1AC444EF0071059B /* ShellScript */,
			);
			dependencies = (
			);
			name = ModelGenerator;
			productName = ModelGenerator;
		};
/* End PBXAggregateTarget section */

/* Begin PBXBuildFile section */
		556759661AC43A2C0071059B /* PhotoListViewController.m in Sources */ = {isa = PBXBuildFile; fileRef = 556759651AC43A2C0071059B /* PhotoListViewController.m */; };
		556759731AC44AA90071059B /* _AlbumList.m in Sources */ = {isa = PBXBuildFile; fileRef = 5567596F1AC44AA90071059B /* _AlbumList.m */; };
		556759741AC44AA90071059B /* AlbumList.m in Sources */ = {isa = PBXBuildFile; fileRef = 556759721AC44AA90071059B /* AlbumList.m */; };
		557DF6891AC2E926008E26C9 /* main.m in Sources */ = {isa = PBXBuildFile; fileRef = 557DF6881AC2E926008E26C9 /* main.m */; };
		557DF68C1AC2E926008E26C9 /* AppDelegate.m in Sources */ = {isa = PBXBuildFile; fileRef = 557DF68B1AC2E926008E26C9 /* AppDelegate.m */; };
		557DF68F1AC2E926008E26C9 /* test_middle.xcdatamodeld in Sources */ = {isa = PBXBuildFile; fileRef = 557DF68D1AC2E926008E26C9 /* test_middle.xcdatamodeld */; };
		557DF6921AC2E926008E26C9 /* AuthViewController.m in Sources */ = {isa = PBXBuildFile; fileRef = 557DF6911AC2E926008E26C9 /* AuthViewController.m */; };
		557DF6971AC2E926008E26C9 /* Images.xcassets in Resources */ = {isa = PBXBuildFile; fileRef = 557DF6961AC2E926008E26C9 /* Images.xcassets */; };
		557DF69A1AC2E926008E26C9 /* LaunchScreen.xib in Resources */ = {isa = PBXBuildFile; fileRef = 557DF6981AC2E926008E26C9 /* LaunchScreen.xib */; };
		557DF6A61AC2E926008E26C9 /* test_middleTests.m in Sources */ = {isa = PBXBuildFile; fileRef = 557DF6A51AC2E926008E26C9 /* test_middleTests.m */; };
		5599F4311AC2F613003D673C /* VKSdk.framework in Frameworks */ = {isa = PBXBuildFile; fileRef = 5599F42F1AC2F613003D673C /* VKSdk.framework */; };
		5599F4321AC2F613003D673C /* VKSdkResources.bundle in Resources */ = {isa = PBXBuildFile; fileRef = 5599F4301AC2F613003D673C /* VKSdkResources.bundle */; };
		55FA2C991AC3110100B7706B /* MagicalImportFunctions.m in Sources */ = {isa = PBXBuildFile; fileRef = 55FA2C5D1AC3110100B7706B /* MagicalImportFunctions.m */; };
		55FA2C9A1AC3110100B7706B /* NSAttributeDescription+MagicalDataImport.m in Sources */ = {isa = PBXBuildFile; fileRef = 55FA2C5F1AC3110100B7706B /* NSAttributeDescription+MagicalDataImport.m */; };
		55FA2C9B1AC3110100B7706B /* NSEntityDescription+MagicalDataImport.m in Sources */ = {isa = PBXBuildFile; fileRef = 55FA2C611AC3110100B7706B /* NSEntityDescription+MagicalDataImport.m */; };
		55FA2C9C1AC3110100B7706B /* NSNumber+MagicalDataImport.m in Sources */ = {isa = PBXBuildFile; fileRef = 55FA2C631AC3110100B7706B /* NSNumber+MagicalDataImport.m */; };
		55FA2C9D1AC3110100B7706B /* NSObject+MagicalDataImport.m in Sources */ = {isa = PBXBuildFile; fileRef = 55FA2C651AC3110100B7706B /* NSObject+MagicalDataImport.m */; };
		55FA2C9E1AC3110100B7706B /* NSRelationshipDescription+MagicalDataImport.m in Sources */ = {isa = PBXBuildFile; fileRef = 55FA2C671AC3110100B7706B /* NSRelationshipDescription+MagicalDataImport.m */; };
		55FA2C9F1AC3110100B7706B /* NSString+MagicalDataImport.m in Sources */ = {isa = PBXBuildFile; fileRef = 55FA2C691AC3110100B7706B /* NSString+MagicalDataImport.m */; };
		55FA2CA01AC3110100B7706B /* NSManagedObject+MagicalAggregation.m in Sources */ = {isa = PBXBuildFile; fileRef = 55FA2C6C1AC3110100B7706B /* NSManagedObject+MagicalAggregation.m */; };
		55FA2CA11AC3110100B7706B /* NSManagedObject+MagicalDataImport.m in Sources */ = {isa = PBXBuildFile; fileRef = 55FA2C6E1AC3110100B7706B /* NSManagedObject+MagicalDataImport.m */; };
		55FA2CA21AC3110100B7706B /* NSManagedObject+MagicalFinders.m in Sources */ = {isa = PBXBuildFile; fileRef = 55FA2C701AC3110100B7706B /* NSManagedObject+MagicalFinders.m */; };
		55FA2CA31AC3110100B7706B /* NSManagedObject+MagicalRecord.m in Sources */ = {isa = PBXBuildFile; fileRef = 55FA2C721AC3110100B7706B /* NSManagedObject+MagicalRecord.m */; };
		55FA2CA41AC3110100B7706B /* NSManagedObject+MagicalRequests.m in Sources */ = {isa = PBXBuildFile; fileRef = 55FA2C741AC3110100B7706B /* NSManagedObject+MagicalRequests.m */; };
		55FA2CA51AC3110100B7706B /* NSManagedObjectContext+MagicalChainSave.m in Sources */ = {isa = PBXBuildFile; fileRef = 55FA2C771AC3110100B7706B /* NSManagedObjectContext+MagicalChainSave.m */; };
		55FA2CA61AC3110100B7706B /* NSManagedObjectContext+MagicalObserving.m in Sources */ = {isa = PBXBuildFile; fileRef = 55FA2C791AC3110100B7706B /* NSManagedObjectContext+MagicalObserving.m */; };
		55FA2CA71AC3110100B7706B /* NSManagedObjectContext+MagicalRecord.m in Sources */ = {isa = PBXBuildFile; fileRef = 55FA2C7B1AC3110100B7706B /* NSManagedObjectContext+MagicalRecord.m */; };
		55FA2CA81AC3110100B7706B /* NSManagedObjectContext+MagicalSaves.m in Sources */ = {isa = PBXBuildFile; fileRef = 55FA2C7D1AC3110100B7706B /* NSManagedObjectContext+MagicalSaves.m */; };
		55FA2CA91AC3110100B7706B /* NSManagedObjectContext+MagicalThreading.m in Sources */ = {isa = PBXBuildFile; fileRef = 55FA2C7F1AC3110100B7706B /* NSManagedObjectContext+MagicalThreading.m */; };
		55FA2CAA1AC3110100B7706B /* NSManagedObjectModel+MagicalRecord.m in Sources */ = {isa = PBXBuildFile; fileRef = 55FA2C811AC3110100B7706B /* NSManagedObjectModel+MagicalRecord.m */; };
		55FA2CAB1AC3110100B7706B /* NSPersistentStore+MagicalRecord.m in Sources */ = {isa = PBXBuildFile; fileRef = 55FA2C831AC3110100B7706B /* NSPersistentStore+MagicalRecord.m */; };
		55FA2CAC1AC3110100B7706B /* NSPersistentStoreCoordinator+MagicalRecord.m in Sources */ = {isa = PBXBuildFile; fileRef = 55FA2C851AC3110100B7706B /* NSPersistentStoreCoordinator+MagicalRecord.m */; };
		55FA2CAD1AC3110100B7706B /* MagicalRecord+Actions.m in Sources */ = {isa = PBXBuildFile; fileRef = 55FA2C881AC3110100B7706B /* MagicalRecord+Actions.m */; };
		55FA2CAE1AC3110100B7706B /* MagicalRecord+ErrorHandling.m in Sources */ = {isa = PBXBuildFile; fileRef = 55FA2C8A1AC3110100B7706B /* MagicalRecord+ErrorHandling.m */; };
		55FA2CAF1AC3110100B7706B /* MagicalRecord+iCloud.m in Sources */ = {isa = PBXBuildFile; fileRef = 55FA2C8C1AC3110100B7706B /* MagicalRecord+iCloud.m */; };
		55FA2CB01AC3110100B7706B /* MagicalRecord+Options.m in Sources */ = {isa = PBXBuildFile; fileRef = 55FA2C8E1AC3110100B7706B /* MagicalRecord+Options.m */; };
		55FA2CB11AC3110100B7706B /* MagicalRecord+Setup.m in Sources */ = {isa = PBXBuildFile; fileRef = 55FA2C901AC3110100B7706B /* MagicalRecord+Setup.m */; };
		55FA2CB21AC3110100B7706B /* MagicalRecord+ShorthandSupport.m in Sources */ = {isa = PBXBuildFile; fileRef = 55FA2C921AC3110100B7706B /* MagicalRecord+ShorthandSupport.m */; };
		55FA2CB31AC3110100B7706B /* MagicalRecord.m in Sources */ = {isa = PBXBuildFile; fileRef = 55FA2C941AC3110100B7706B /* MagicalRecord.m */; };
		55FA2CCA1AC3125600B7706B /* AFHTTPRequestOperation.m in Sources */ = {isa = PBXBuildFile; fileRef = 55FA2CB81AC3125600B7706B /* AFHTTPRequestOperation.m */; };
		55FA2CCB1AC3125600B7706B /* AFHTTPRequestOperationManager.m in Sources */ = {isa = PBXBuildFile; fileRef = 55FA2CBA1AC3125600B7706B /* AFHTTPRequestOperationManager.m */; };
		55FA2CCC1AC3125600B7706B /* AFHTTPSessionManager.m in Sources */ = {isa = PBXBuildFile; fileRef = 55FA2CBC1AC3125600B7706B /* AFHTTPSessionManager.m */; };
		55FA2CCD1AC3125600B7706B /* AFNetworkReachabilityManager.m in Sources */ = {isa = PBXBuildFile; fileRef = 55FA2CBF1AC3125600B7706B /* AFNetworkReachabilityManager.m */; };
		55FA2CCE1AC3125600B7706B /* AFSecurityPolicy.m in Sources */ = {isa = PBXBuildFile; fileRef = 55FA2CC11AC3125600B7706B /* AFSecurityPolicy.m */; };
		55FA2CCF1AC3125600B7706B /* AFURLConnectionOperation.m in Sources */ = {isa = PBXBuildFile; fileRef = 55FA2CC31AC3125600B7706B /* AFURLConnectionOperation.m */; };
		55FA2CD01AC3125600B7706B /* AFURLRequestSerialization.m in Sources */ = {isa = PBXBuildFile; fileRef = 55FA2CC51AC3125600B7706B /* AFURLRequestSerialization.m */; };
		55FA2CD11AC3125600B7706B /* AFURLResponseSerialization.m in Sources */ = {isa = PBXBuildFile; fileRef = 55FA2CC71AC3125600B7706B /* AFURLResponseSerialization.m */; };
		55FA2CD21AC3125600B7706B /* AFURLSessionManager.m in Sources */ = {isa = PBXBuildFile; fileRef = 55FA2CC91AC3125600B7706B /* AFURLSessionManager.m */; };
		55FA2CD51AC355F300B7706B /* Button.m in Sources */ = {isa = PBXBuildFile; fileRef = 55FA2CD41AC355F300B7706B /* Button.m */; };
		55FA2CD81AC357BC00B7706B /* UIFont+Styles.m in Sources */ = {isa = PBXBuildFile; fileRef = 55FA2CD71AC357BC00B7706B /* UIFont+Styles.m */; };
		55FA2CDB1AC358A600B7706B /* UIColor+Styles.m in Sources */ = {isa = PBXBuildFile; fileRef = 55FA2CDA1AC358A600B7706B /* UIColor+Styles.m */; };
		55FA2CDF1AC3666F00B7706B /* VkontakteHelper.m in Sources */ = {isa = PBXBuildFile; fileRef = 55FA2CDE1AC3666F00B7706B /* VkontakteHelper.m */; };
/* End PBXBuildFile section */

/* Begin PBXContainerItemProxy section */
		557DF6A01AC2E926008E26C9 /* PBXContainerItemProxy */ = {
			isa = PBXContainerItemProxy;
			containerPortal = 557DF67B1AC2E926008E26C9 /* Project object */;
			proxyType = 1;
			remoteGlobalIDString = 557DF6821AC2E926008E26C9;
			remoteInfo = "test-middle";
		};
/* End PBXContainerItemProxy section */

/* Begin PBXFileReference section */
		556759641AC43A2C0071059B /* PhotoListViewController.h */ = {isa = PBXFileReference; fileEncoding = 4; lastKnownFileType = sourcecode.c.h; path = PhotoListViewController.h; sourceTree = "<group>"; };
		556759651AC43A2C0071059B /* PhotoListViewController.m */ = {isa = PBXFileReference; fileEncoding = 4; lastKnownFileType = sourcecode.c.objc; path = PhotoListViewController.m; sourceTree = "<group>"; };
		5567596E1AC44AA90071059B /* _AlbumList.h */ = {isa = PBXFileReference; fileEncoding = 4; lastKnownFileType = sourcecode.c.h; path = _AlbumList.h; sourceTree = "<group>"; };
		5567596F1AC44AA90071059B /* _AlbumList.m */ = {isa = PBXFileReference; fileEncoding = 4; lastKnownFileType = sourcecode.c.objc; path = _AlbumList.m; sourceTree = "<group>"; };
		556759711AC44AA90071059B /* AlbumList.h */ = {isa = PBXFileReference; fileEncoding = 4; lastKnownFileType = sourcecode.c.h; path = AlbumList.h; sourceTree = "<group>"; };
		556759721AC44AA90071059B /* AlbumList.m */ = {isa = PBXFileReference; fileEncoding = 4; lastKnownFileType = sourcecode.c.objc; path = AlbumList.m; sourceTree = "<group>"; };
		557DF6831AC2E926008E26C9 /* test-middle.app */ = {isa = PBXFileReference; explicitFileType = wrapper.application; includeInIndex = 0; path = "test-middle.app"; sourceTree = BUILT_PRODUCTS_DIR; };
		557DF6871AC2E926008E26C9 /* Info.plist */ = {isa = PBXFileReference; lastKnownFileType = text.plist.xml; path = Info.plist; sourceTree = "<group>"; };
		557DF6881AC2E926008E26C9 /* main.m */ = {isa = PBXFileReference; lastKnownFileType = sourcecode.c.objc; path = main.m; sourceTree = "<group>"; };
		557DF68A1AC2E926008E26C9 /* AppDelegate.h */ = {isa = PBXFileReference; lastKnownFileType = sourcecode.c.h; path = AppDelegate.h; sourceTree = "<group>"; };
		557DF68B1AC2E926008E26C9 /* AppDelegate.m */ = {isa = PBXFileReference; lastKnownFileType = sourcecode.c.objc; path = AppDelegate.m; sourceTree = "<group>"; };
		557DF68E1AC2E926008E26C9 /* test_middle.xcdatamodel */ = {isa = PBXFileReference; lastKnownFileType = wrapper.xcdatamodel; path = test_middle.xcdatamodel; sourceTree = "<group>"; };
		557DF6901AC2E926008E26C9 /* AuthViewController.h */ = {isa = PBXFileReference; lastKnownFileType = sourcecode.c.h; path = AuthViewController.h; sourceTree = "<group>"; };
		557DF6911AC2E926008E26C9 /* AuthViewController.m */ = {isa = PBXFileReference; lastKnownFileType = sourcecode.c.objc; path = AuthViewController.m; sourceTree = "<group>"; };
		557DF6961AC2E926008E26C9 /* Images.xcassets */ = {isa = PBXFileReference; lastKnownFileType = folder.assetcatalog; path = Images.xcassets; sourceTree = "<group>"; };
		557DF6991AC2E926008E26C9 /* Base */ = {isa = PBXFileReference; lastKnownFileType = file.xib; name = Base; path = Base.lproj/LaunchScreen.xib; sourceTree = "<group>"; };
		557DF69F1AC2E926008E26C9 /* test-middleTests.xctest */ = {isa = PBXFileReference; explicitFileType = wrapper.cfbundle; includeInIndex = 0; path = "test-middleTests.xctest"; sourceTree = BUILT_PRODUCTS_DIR; };
		557DF6A41AC2E926008E26C9 /* Info.plist */ = {isa = PBXFileReference; lastKnownFileType = text.plist.xml; path = Info.plist; sourceTree = "<group>"; };
		557DF6A51AC2E926008E26C9 /* test_middleTests.m */ = {isa = PBXFileReference; lastKnownFileType = sourcecode.c.objc; path = test_middleTests.m; sourceTree = "<group>"; };
		5599F42F1AC2F613003D673C /* VKSdk.framework */ = {isa = PBXFileReference; lastKnownFileType = wrapper.framework; name = VKSdk.framework; path = libraries/VKSdk.framework; sourceTree = "<group>"; };
		5599F4301AC2F613003D673C /* VKSdkResources.bundle */ = {isa = PBXFileReference; lastKnownFileType = "wrapper.plug-in"; name = VKSdkResources.bundle; path = libraries/VKSdkResources.bundle; sourceTree = "<group>"; };
		55FA2C5C1AC3110100B7706B /* MagicalImportFunctions.h */ = {isa = PBXFileReference; fileEncoding = 4; lastKnownFileType = sourcecode.c.h; path = MagicalImportFunctions.h; sourceTree = "<group>"; };
		55FA2C5D1AC3110100B7706B /* MagicalImportFunctions.m */ = {isa = PBXFileReference; fileEncoding = 4; lastKnownFileType = sourcecode.c.objc; path = MagicalImportFunctions.m; sourceTree = "<group>"; };
		55FA2C5E1AC3110100B7706B /* NSAttributeDescription+MagicalDataImport.h */ = {isa = PBXFileReference; fileEncoding = 4; lastKnownFileType = sourcecode.c.h; path = "NSAttributeDescription+MagicalDataImport.h"; sourceTree = "<group>"; };
		55FA2C5F1AC3110100B7706B /* NSAttributeDescription+MagicalDataImport.m */ = {isa = PBXFileReference; fileEncoding = 4; lastKnownFileType = sourcecode.c.objc; path = "NSAttributeDescription+MagicalDataImport.m"; sourceTree = "<group>"; };
		55FA2C601AC3110100B7706B /* NSEntityDescription+MagicalDataImport.h */ = {isa = PBXFileReference; fileEncoding = 4; lastKnownFileType = sourcecode.c.h; path = "NSEntityDescription+MagicalDataImport.h"; sourceTree = "<group>"; };
		55FA2C611AC3110100B7706B /* NSEntityDescription+MagicalDataImport.m */ = {isa = PBXFileReference; fileEncoding = 4; lastKnownFileType = sourcecode.c.objc; path = "NSEntityDescription+MagicalDataImport.m"; sourceTree = "<group>"; };
		55FA2C621AC3110100B7706B /* NSNumber+MagicalDataImport.h */ = {isa = PBXFileReference; fileEncoding = 4; lastKnownFileType = sourcecode.c.h; path = "NSNumber+MagicalDataImport.h"; sourceTree = "<group>"; };
		55FA2C631AC3110100B7706B /* NSNumber+MagicalDataImport.m */ = {isa = PBXFileReference; fileEncoding = 4; lastKnownFileType = sourcecode.c.objc; path = "NSNumber+MagicalDataImport.m"; sourceTree = "<group>"; };
		55FA2C641AC3110100B7706B /* NSObject+MagicalDataImport.h */ = {isa = PBXFileReference; fileEncoding = 4; lastKnownFileType = sourcecode.c.h; path = "NSObject+MagicalDataImport.h"; sourceTree = "<group>"; };
		55FA2C651AC3110100B7706B /* NSObject+MagicalDataImport.m */ = {isa = PBXFileReference; fileEncoding = 4; lastKnownFileType = sourcecode.c.objc; path = "NSObject+MagicalDataImport.m"; sourceTree = "<group>"; };
		55FA2C661AC3110100B7706B /* NSRelationshipDescription+MagicalDataImport.h */ = {isa = PBXFileReference; fileEncoding = 4; lastKnownFileType = sourcecode.c.h; path = "NSRelationshipDescription+MagicalDataImport.h"; sourceTree = "<group>"; };
		55FA2C671AC3110100B7706B /* NSRelationshipDescription+MagicalDataImport.m */ = {isa = PBXFileReference; fileEncoding = 4; lastKnownFileType = sourcecode.c.objc; path = "NSRelationshipDescription+MagicalDataImport.m"; sourceTree = "<group>"; };
		55FA2C681AC3110100B7706B /* NSString+MagicalDataImport.h */ = {isa = PBXFileReference; fileEncoding = 4; lastKnownFileType = sourcecode.c.h; path = "NSString+MagicalDataImport.h"; sourceTree = "<group>"; };
		55FA2C691AC3110100B7706B /* NSString+MagicalDataImport.m */ = {isa = PBXFileReference; fileEncoding = 4; lastKnownFileType = sourcecode.c.objc; path = "NSString+MagicalDataImport.m"; sourceTree = "<group>"; };
		55FA2C6B1AC3110100B7706B /* NSManagedObject+MagicalAggregation.h */ = {isa = PBXFileReference; fileEncoding = 4; lastKnownFileType = sourcecode.c.h; path = "NSManagedObject+MagicalAggregation.h"; sourceTree = "<group>"; };
		55FA2C6C1AC3110100B7706B /* NSManagedObject+MagicalAggregation.m */ = {isa = PBXFileReference; fileEncoding = 4; lastKnownFileType = sourcecode.c.objc; path = "NSManagedObject+MagicalAggregation.m"; sourceTree = "<group>"; };
		55FA2C6D1AC3110100B7706B /* NSManagedObject+MagicalDataImport.h */ = {isa = PBXFileReference; fileEncoding = 4; lastKnownFileType = sourcecode.c.h; path = "NSManagedObject+MagicalDataImport.h"; sourceTree = "<group>"; };
		55FA2C6E1AC3110100B7706B /* NSManagedObject+MagicalDataImport.m */ = {isa = PBXFileReference; fileEncoding = 4; lastKnownFileType = sourcecode.c.objc; path = "NSManagedObject+MagicalDataImport.m"; sourceTree = "<group>"; };
		55FA2C6F1AC3110100B7706B /* NSManagedObject+MagicalFinders.h */ = {isa = PBXFileReference; fileEncoding = 4; lastKnownFileType = sourcecode.c.h; path = "NSManagedObject+MagicalFinders.h"; sourceTree = "<group>"; };
		55FA2C701AC3110100B7706B /* NSManagedObject+MagicalFinders.m */ = {isa = PBXFileReference; fileEncoding = 4; lastKnownFileType = sourcecode.c.objc; path = "NSManagedObject+MagicalFinders.m"; sourceTree = "<group>"; };
		55FA2C711AC3110100B7706B /* NSManagedObject+MagicalRecord.h */ = {isa = PBXFileReference; fileEncoding = 4; lastKnownFileType = sourcecode.c.h; path = "NSManagedObject+MagicalRecord.h"; sourceTree = "<group>"; };
		55FA2C721AC3110100B7706B /* NSManagedObject+MagicalRecord.m */ = {isa = PBXFileReference; fileEncoding = 4; lastKnownFileType = sourcecode.c.objc; path = "NSManagedObject+MagicalRecord.m"; sourceTree = "<group>"; };
		55FA2C731AC3110100B7706B /* NSManagedObject+MagicalRequests.h */ = {isa = PBXFileReference; fileEncoding = 4; lastKnownFileType = sourcecode.c.h; path = "NSManagedObject+MagicalRequests.h"; sourceTree = "<group>"; };
		55FA2C741AC3110100B7706B /* NSManagedObject+MagicalRequests.m */ = {isa = PBXFileReference; fileEncoding = 4; lastKnownFileType = sourcecode.c.objc; path = "NSManagedObject+MagicalRequests.m"; sourceTree = "<group>"; };
		55FA2C761AC3110100B7706B /* NSManagedObjectContext+MagicalChainSave.h */ = {isa = PBXFileReference; fileEncoding = 4; lastKnownFileType = sourcecode.c.h; path = "NSManagedObjectContext+MagicalChainSave.h"; sourceTree = "<group>"; };
		55FA2C771AC3110100B7706B /* NSManagedObjectContext+MagicalChainSave.m */ = {isa = PBXFileReference; fileEncoding = 4; lastKnownFileType = sourcecode.c.objc; path = "NSManagedObjectContext+MagicalChainSave.m"; sourceTree = "<group>"; };
		55FA2C781AC3110100B7706B /* NSManagedObjectContext+MagicalObserving.h */ = {isa = PBXFileReference; fileEncoding = 4; lastKnownFileType = sourcecode.c.h; path = "NSManagedObjectContext+MagicalObserving.h"; sourceTree = "<group>"; };
		55FA2C791AC3110100B7706B /* NSManagedObjectContext+MagicalObserving.m */ = {isa = PBXFileReference; fileEncoding = 4; lastKnownFileType = sourcecode.c.objc; path = "NSManagedObjectContext+MagicalObserving.m"; sourceTree = "<group>"; };
		55FA2C7A1AC3110100B7706B /* NSManagedObjectContext+MagicalRecord.h */ = {isa = PBXFileReference; fileEncoding = 4; lastKnownFileType = sourcecode.c.h; path = "NSManagedObjectContext+MagicalRecord.h"; sourceTree = "<group>"; };
		55FA2C7B1AC3110100B7706B /* NSManagedObjectContext+MagicalRecord.m */ = {isa = PBXFileReference; fileEncoding = 4; lastKnownFileType = sourcecode.c.objc; path = "NSManagedObjectContext+MagicalRecord.m"; sourceTree = "<group>"; };
		55FA2C7C1AC3110100B7706B /* NSManagedObjectContext+MagicalSaves.h */ = {isa = PBXFileReference; fileEncoding = 4; lastKnownFileType = sourcecode.c.h; path = "NSManagedObjectContext+MagicalSaves.h"; sourceTree = "<group>"; };
		55FA2C7D1AC3110100B7706B /* NSManagedObjectContext+MagicalSaves.m */ = {isa = PBXFileReference; fileEncoding = 4; lastKnownFileType = sourcecode.c.objc; path = "NSManagedObjectContext+MagicalSaves.m"; sourceTree = "<group>"; };
		55FA2C7E1AC3110100B7706B /* NSManagedObjectContext+MagicalThreading.h */ = {isa = PBXFileReference; fileEncoding = 4; lastKnownFileType = sourcecode.c.h; path = "NSManagedObjectContext+MagicalThreading.h"; sourceTree = "<group>"; };
		55FA2C7F1AC3110100B7706B /* NSManagedObjectContext+MagicalThreading.m */ = {isa = PBXFileReference; fileEncoding = 4; lastKnownFileType = sourcecode.c.objc; path = "NSManagedObjectContext+MagicalThreading.m"; sourceTree = "<group>"; };
		55FA2C801AC3110100B7706B /* NSManagedObjectModel+MagicalRecord.h */ = {isa = PBXFileReference; fileEncoding = 4; lastKnownFileType = sourcecode.c.h; path = "NSManagedObjectModel+MagicalRecord.h"; sourceTree = "<group>"; };
		55FA2C811AC3110100B7706B /* NSManagedObjectModel+MagicalRecord.m */ = {isa = PBXFileReference; fileEncoding = 4; lastKnownFileType = sourcecode.c.objc; path = "NSManagedObjectModel+MagicalRecord.m"; sourceTree = "<group>"; };
		55FA2C821AC3110100B7706B /* NSPersistentStore+MagicalRecord.h */ = {isa = PBXFileReference; fileEncoding = 4; lastKnownFileType = sourcecode.c.h; path = "NSPersistentStore+MagicalRecord.h"; sourceTree = "<group>"; };
		55FA2C831AC3110100B7706B /* NSPersistentStore+MagicalRecord.m */ = {isa = PBXFileReference; fileEncoding = 4; lastKnownFileType = sourcecode.c.objc; path = "NSPersistentStore+MagicalRecord.m"; sourceTree = "<group>"; };
		55FA2C841AC3110100B7706B /* NSPersistentStoreCoordinator+MagicalRecord.h */ = {isa = PBXFileReference; fileEncoding = 4; lastKnownFileType = sourcecode.c.h; path = "NSPersistentStoreCoordinator+MagicalRecord.h"; sourceTree = "<group>"; };
		55FA2C851AC3110100B7706B /* NSPersistentStoreCoordinator+MagicalRecord.m */ = {isa = PBXFileReference; fileEncoding = 4; lastKnownFileType = sourcecode.c.objc; path = "NSPersistentStoreCoordinator+MagicalRecord.m"; sourceTree = "<group>"; };
		55FA2C871AC3110100B7706B /* MagicalRecord+Actions.h */ = {isa = PBXFileReference; fileEncoding = 4; lastKnownFileType = sourcecode.c.h; path = "MagicalRecord+Actions.h"; sourceTree = "<group>"; };
		55FA2C881AC3110100B7706B /* MagicalRecord+Actions.m */ = {isa = PBXFileReference; fileEncoding = 4; lastKnownFileType = sourcecode.c.objc; path = "MagicalRecord+Actions.m"; sourceTree = "<group>"; };
		55FA2C891AC3110100B7706B /* MagicalRecord+ErrorHandling.h */ = {isa = PBXFileReference; fileEncoding = 4; lastKnownFileType = sourcecode.c.h; path = "MagicalRecord+ErrorHandling.h"; sourceTree = "<group>"; };
		55FA2C8A1AC3110100B7706B /* MagicalRecord+ErrorHandling.m */ = {isa = PBXFileReference; fileEncoding = 4; lastKnownFileType = sourcecode.c.objc; path = "MagicalRecord+ErrorHandling.m"; sourceTree = "<group>"; };
		55FA2C8B1AC3110100B7706B /* MagicalRecord+iCloud.h */ = {isa = PBXFileReference; fileEncoding = 4; lastKnownFileType = sourcecode.c.h; path = "MagicalRecord+iCloud.h"; sourceTree = "<group>"; };
		55FA2C8C1AC3110100B7706B /* MagicalRecord+iCloud.m */ = {isa = PBXFileReference; fileEncoding = 4; lastKnownFileType = sourcecode.c.objc; path = "MagicalRecord+iCloud.m"; sourceTree = "<group>"; };
		55FA2C8D1AC3110100B7706B /* MagicalRecord+Options.h */ = {isa = PBXFileReference; fileEncoding = 4; lastKnownFileType = sourcecode.c.h; path = "MagicalRecord+Options.h"; sourceTree = "<group>"; };
		55FA2C8E1AC3110100B7706B /* MagicalRecord+Options.m */ = {isa = PBXFileReference; fileEncoding = 4; lastKnownFileType = sourcecode.c.objc; path = "MagicalRecord+Options.m"; sourceTree = "<group>"; };
		55FA2C8F1AC3110100B7706B /* MagicalRecord+Setup.h */ = {isa = PBXFileReference; fileEncoding = 4; lastKnownFileType = sourcecode.c.h; path = "MagicalRecord+Setup.h"; sourceTree = "<group>"; };
		55FA2C901AC3110100B7706B /* MagicalRecord+Setup.m */ = {isa = PBXFileReference; fileEncoding = 4; lastKnownFileType = sourcecode.c.objc; path = "MagicalRecord+Setup.m"; sourceTree = "<group>"; };
		55FA2C911AC3110100B7706B /* MagicalRecord+ShorthandSupport.h */ = {isa = PBXFileReference; fileEncoding = 4; lastKnownFileType = sourcecode.c.h; path = "MagicalRecord+ShorthandSupport.h"; sourceTree = "<group>"; };
		55FA2C921AC3110100B7706B /* MagicalRecord+ShorthandSupport.m */ = {isa = PBXFileReference; fileEncoding = 4; lastKnownFileType = sourcecode.c.objc; path = "MagicalRecord+ShorthandSupport.m"; sourceTree = "<group>"; };
		55FA2C931AC3110100B7706B /* MagicalRecord.h */ = {isa = PBXFileReference; fileEncoding = 4; lastKnownFileType = sourcecode.c.h; path = MagicalRecord.h; sourceTree = "<group>"; };
		55FA2C941AC3110100B7706B /* MagicalRecord.m */ = {isa = PBXFileReference; fileEncoding = 4; lastKnownFileType = sourcecode.c.objc; path = MagicalRecord.m; sourceTree = "<group>"; };
		55FA2C951AC3110100B7706B /* MagicalRecordDeprecated.h */ = {isa = PBXFileReference; fileEncoding = 4; lastKnownFileType = sourcecode.c.h; path = MagicalRecordDeprecated.h; sourceTree = "<group>"; };
		55FA2C961AC3110100B7706B /* MagicalRecordLogging.h */ = {isa = PBXFileReference; fileEncoding = 4; lastKnownFileType = sourcecode.c.h; path = MagicalRecordLogging.h; sourceTree = "<group>"; };
		55FA2C971AC3110100B7706B /* MagicalRecordShorthand.h */ = {isa = PBXFileReference; fileEncoding = 4; lastKnownFileType = sourcecode.c.h; path = MagicalRecordShorthand.h; sourceTree = "<group>"; };
		55FA2C981AC3110100B7706B /* CoreData+MagicalRecord.h */ = {isa = PBXFileReference; fileEncoding = 4; lastKnownFileType = sourcecode.c.h; name = "CoreData+MagicalRecord.h"; path = "libraries/MagicalRecord/CoreData+MagicalRecord.h"; sourceTree = "<group>"; };
		55FA2CB51AC3117700B7706B /* PrefixHeader.pch */ = {isa = PBXFileReference; lastKnownFileType = sourcecode.c.h; path = PrefixHeader.pch; sourceTree = "<group>"; };
		55FA2CB71AC3125600B7706B /* AFHTTPRequestOperation.h */ = {isa = PBXFileReference; fileEncoding = 4; lastKnownFileType = sourcecode.c.h; path = AFHTTPRequestOperation.h; sourceTree = "<group>"; };
		55FA2CB81AC3125600B7706B /* AFHTTPRequestOperation.m */ = {isa = PBXFileReference; fileEncoding = 4; lastKnownFileType = sourcecode.c.objc; path = AFHTTPRequestOperation.m; sourceTree = "<group>"; };
		55FA2CB91AC3125600B7706B /* AFHTTPRequestOperationManager.h */ = {isa = PBXFileReference; fileEncoding = 4; lastKnownFileType = sourcecode.c.h; path = AFHTTPRequestOperationManager.h; sourceTree = "<group>"; };
		55FA2CBA1AC3125600B7706B /* AFHTTPRequestOperationManager.m */ = {isa = PBXFileReference; fileEncoding = 4; lastKnownFileType = sourcecode.c.objc; path = AFHTTPRequestOperationManager.m; sourceTree = "<group>"; };
		55FA2CBB1AC3125600B7706B /* AFHTTPSessionManager.h */ = {isa = PBXFileReference; fileEncoding = 4; lastKnownFileType = sourcecode.c.h; path = AFHTTPSessionManager.h; sourceTree = "<group>"; };
		55FA2CBC1AC3125600B7706B /* AFHTTPSessionManager.m */ = {isa = PBXFileReference; fileEncoding = 4; lastKnownFileType = sourcecode.c.objc; path = AFHTTPSessionManager.m; sourceTree = "<group>"; };
		55FA2CBD1AC3125600B7706B /* AFNetworking.h */ = {isa = PBXFileReference; fileEncoding = 4; lastKnownFileType = sourcecode.c.h; path = AFNetworking.h; sourceTree = "<group>"; };
		55FA2CBE1AC3125600B7706B /* AFNetworkReachabilityManager.h */ = {isa = PBXFileReference; fileEncoding = 4; lastKnownFileType = sourcecode.c.h; path = AFNetworkReachabilityManager.h; sourceTree = "<group>"; };
		55FA2CBF1AC3125600B7706B /* AFNetworkReachabilityManager.m */ = {isa = PBXFileReference; fileEncoding = 4; lastKnownFileType = sourcecode.c.objc; path = AFNetworkReachabilityManager.m; sourceTree = "<group>"; };
		55FA2CC01AC3125600B7706B /* AFSecurityPolicy.h */ = {isa = PBXFileReference; fileEncoding = 4; lastKnownFileType = sourcecode.c.h; path = AFSecurityPolicy.h; sourceTree = "<group>"; };
		55FA2CC11AC3125600B7706B /* AFSecurityPolicy.m */ = {isa = PBXFileReference; fileEncoding = 4; lastKnownFileType = sourcecode.c.objc; path = AFSecurityPolicy.m; sourceTree = "<group>"; };
		55FA2CC21AC3125600B7706B /* AFURLConnectionOperation.h */ = {isa = PBXFileReference; fileEncoding = 4; lastKnownFileType = sourcecode.c.h; path = AFURLConnectionOperation.h; sourceTree = "<group>"; };
		55FA2CC31AC3125600B7706B /* AFURLConnectionOperation.m */ = {isa = PBXFileReference; fileEncoding = 4; lastKnownFileType = sourcecode.c.objc; path = AFURLConnectionOperation.m; sourceTree = "<group>"; };
		55FA2CC41AC3125600B7706B /* AFURLRequestSerialization.h */ = {isa = PBXFileReference; fileEncoding = 4; lastKnownFileType = sourcecode.c.h; path = AFURLRequestSerialization.h; sourceTree = "<group>"; };
		55FA2CC51AC3125600B7706B /* AFURLRequestSerialization.m */ = {isa = PBXFileReference; fileEncoding = 4; lastKnownFileType = sourcecode.c.objc; path = AFURLRequestSerialization.m; sourceTree = "<group>"; };
		55FA2CC61AC3125600B7706B /* AFURLResponseSerialization.h */ = {isa = PBXFileReference; fileEncoding = 4; lastKnownFileType = sourcecode.c.h; path = AFURLResponseSerialization.h; sourceTree = "<group>"; };
		55FA2CC71AC3125600B7706B /* AFURLResponseSerialization.m */ = {isa = PBXFileReference; fileEncoding = 4; lastKnownFileType = sourcecode.c.objc; path = AFURLResponseSerialization.m; sourceTree = "<group>"; };
		55FA2CC81AC3125600B7706B /* AFURLSessionManager.h */ = {isa = PBXFileReference; fileEncoding = 4; lastKnownFileType = sourcecode.c.h; path = AFURLSessionManager.h; sourceTree = "<group>"; };
		55FA2CC91AC3125600B7706B /* AFURLSessionManager.m */ = {isa = PBXFileReference; fileEncoding = 4; lastKnownFileType = sourcecode.c.objc; path = AFURLSessionManager.m; sourceTree = "<group>"; };
		55FA2CD31AC355F300B7706B /* Button.h */ = {isa = PBXFileReference; fileEncoding = 4; lastKnownFileType = sourcecode.c.h; path = Button.h; sourceTree = "<group>"; };
		55FA2CD41AC355F300B7706B /* Button.m */ = {isa = PBXFileReference; fileEncoding = 4; lastKnownFileType = sourcecode.c.objc; path = Button.m; sourceTree = "<group>"; };
		55FA2CD61AC357BC00B7706B /* UIFont+Styles.h */ = {isa = PBXFileReference; fileEncoding = 4; lastKnownFileType = sourcecode.c.h; path = "UIFont+Styles.h"; sourceTree = "<group>"; };
		55FA2CD71AC357BC00B7706B /* UIFont+Styles.m */ = {isa = PBXFileReference; fileEncoding = 4; lastKnownFileType = sourcecode.c.objc; path = "UIFont+Styles.m"; sourceTree = "<group>"; };
		55FA2CD91AC358A600B7706B /* UIColor+Styles.h */ = {isa = PBXFileReference; fileEncoding = 4; lastKnownFileType = sourcecode.c.h; path = "UIColor+Styles.h"; sourceTree = "<group>"; };
		55FA2CDA1AC358A600B7706B /* UIColor+Styles.m */ = {isa = PBXFileReference; fileEncoding = 4; lastKnownFileType = sourcecode.c.objc; path = "UIColor+Styles.m"; sourceTree = "<group>"; };
		55FA2CDD1AC3666F00B7706B /* VkontakteHelper.h */ = {isa = PBXFileReference; fileEncoding = 4; lastKnownFileType = sourcecode.c.h; path = VkontakteHelper.h; sourceTree = "<group>"; };
		55FA2CDE1AC3666F00B7706B /* VkontakteHelper.m */ = {isa = PBXFileReference; fileEncoding = 4; lastKnownFileType = sourcecode.c.objc; path = VkontakteHelper.m; sourceTree = "<group>"; };
/* End PBXFileReference section */

/* Begin PBXFrameworksBuildPhase section */
		557DF6801AC2E926008E26C9 /* Frameworks */ = {
			isa = PBXFrameworksBuildPhase;
			buildActionMask = 2147483647;
			files = (
				5599F4311AC2F613003D673C /* VKSdk.framework in Frameworks */,
			);
			runOnlyForDeploymentPostprocessing = 0;
		};
		557DF69C1AC2E926008E26C9 /* Frameworks */ = {
			isa = PBXFrameworksBuildPhase;
			buildActionMask = 2147483647;
			files = (
			);
			runOnlyForDeploymentPostprocessing = 0;
		};
/* End PBXFrameworksBuildPhase section */

/* Begin PBXGroup section */
		556759621AC438EC0071059B /* Utilities */ = {
			isa = PBXGroup;
			children = (
				55FA2CD61AC357BC00B7706B /* UIFont+Styles.h */,
				55FA2CD71AC357BC00B7706B /* UIFont+Styles.m */,
				55FA2CD91AC358A600B7706B /* UIColor+Styles.h */,
				55FA2CDA1AC358A600B7706B /* UIColor+Styles.m */,
				55FA2CDD1AC3666F00B7706B /* VkontakteHelper.h */,
				55FA2CDE1AC3666F00B7706B /* VkontakteHelper.m */,
			);
			name = Utilities;
			sourceTree = "<group>";
		};
		556759631AC439080071059B /* View Controllers */ = {
			isa = PBXGroup;
			children = (
				557DF6901AC2E926008E26C9 /* AuthViewController.h */,
				557DF6911AC2E926008E26C9 /* AuthViewController.m */,
				556759641AC43A2C0071059B /* PhotoListViewController.h */,
				556759651AC43A2C0071059B /* PhotoListViewController.m */,
			);
			name = "View Controllers";
			sourceTree = "<group>";
		};
		5567596C1AC44A9D0071059B /* Model */ = {
			isa = PBXGroup;
			children = (
				5567596D1AC44AA90071059B /* Private */,
				556759701AC44AA90071059B /* Public */,
			);
			name = Model;
			sourceTree = "<group>";
		};
		5567596D1AC44AA90071059B /* Private */ = {
			isa = PBXGroup;
			children = (
				5567596E1AC44AA90071059B /* _AlbumList.h */,
				5567596F1AC44AA90071059B /* _AlbumList.m */,
			);
			name = Private;
			path = Model/Private;
			sourceTree = "<group>";
		};
		556759701AC44AA90071059B /* Public */ = {
			isa = PBXGroup;
			children = (
				556759711AC44AA90071059B /* AlbumList.h */,
				556759721AC44AA90071059B /* AlbumList.m */,
			);
			name = Public;
			path = Model/Public;
			sourceTree = "<group>";
		};
		557DF67A1AC2E926008E26C9 = {
			isa = PBXGroup;
			children = (
				557DF6851AC2E926008E26C9 /* test-middle */,
				557DF6A21AC2E926008E26C9 /* test-middleTests */,
				557DF6841AC2E926008E26C9 /* Products */,
			);
			sourceTree = "<group>";
		};
		557DF6841AC2E926008E26C9 /* Products */ = {
			isa = PBXGroup;
			children = (
				557DF6831AC2E926008E26C9 /* test-middle.app */,
				557DF69F1AC2E926008E26C9 /* test-middleTests.xctest */,
			);
			name = Products;
			sourceTree = "<group>";
		};
		557DF6851AC2E926008E26C9 /* test-middle */ = {
			isa = PBXGroup;
			children = (
				5567596C1AC44A9D0071059B /* Model */,
				5599F42D1AC2F49F003D673C /* Libraries */,
				557DF68A1AC2E926008E26C9 /* AppDelegate.h */,
				557DF68B1AC2E926008E26C9 /* AppDelegate.m */,
				556759631AC439080071059B /* View Controllers */,
				55FA2CD31AC355F300B7706B /* Button.h */,
				55FA2CD41AC355F300B7706B /* Button.m */,
				556759621AC438EC0071059B /* Utilities */,
				557DF6961AC2E926008E26C9 /* Images.xcassets */,
				557DF6981AC2E926008E26C9 /* LaunchScreen.xib */,
				557DF68D1AC2E926008E26C9 /* test_middle.xcdatamodeld */,
				557DF6861AC2E926008E26C9 /* Supporting Files */,
			);
			path = "test-middle";
			sourceTree = "<group>";
		};
		557DF6861AC2E926008E26C9 /* Supporting Files */ = {
			isa = PBXGroup;
			children = (
				557DF6871AC2E926008E26C9 /* Info.plist */,
				557DF6881AC2E926008E26C9 /* main.m */,
				55FA2CB51AC3117700B7706B /* PrefixHeader.pch */,
			);
			name = "Supporting Files";
			sourceTree = "<group>";
		};
		557DF6A21AC2E926008E26C9 /* test-middleTests */ = {
			isa = PBXGroup;
			children = (
				557DF6A51AC2E926008E26C9 /* test_middleTests.m */,
				557DF6A31AC2E926008E26C9 /* Supporting Files */,
			);
			path = "test-middleTests";
			sourceTree = "<group>";
		};
		557DF6A31AC2E926008E26C9 /* Supporting Files */ = {
			isa = PBXGroup;
			children = (
				557DF6A41AC2E926008E26C9 /* Info.plist */,
			);
			name = "Supporting Files";
			sourceTree = "<group>";
		};
		5599F42D1AC2F49F003D673C /* Libraries */ = {
			isa = PBXGroup;
			children = (
				55FA2CB61AC3125600B7706B /* AFNetworking */,
				55FA2CB41AC3110900B7706B /* MagicalRecord */,
				5599F42E1AC2F601003D673C /* VK */,
			);
			name = Libraries;
			sourceTree = "<group>";
		};
		5599F42E1AC2F601003D673C /* VK */ = {
			isa = PBXGroup;
			children = (
				5599F42F1AC2F613003D673C /* VKSdk.framework */,
				5599F4301AC2F613003D673C /* VKSdkResources.bundle */,
			);
			name = VK;
			sourceTree = "<group>";
		};
		55FA2C5A1AC3110100B7706B /* Categories */ = {
			isa = PBXGroup;
			children = (
				55FA2C5B1AC3110100B7706B /* DataImport */,
				55FA2C6A1AC3110100B7706B /* NSManagedObject */,
				55FA2C751AC3110100B7706B /* NSManagedObjectContext */,
				55FA2C801AC3110100B7706B /* NSManagedObjectModel+MagicalRecord.h */,
				55FA2C811AC3110100B7706B /* NSManagedObjectModel+MagicalRecord.m */,
				55FA2C821AC3110100B7706B /* NSPersistentStore+MagicalRecord.h */,
				55FA2C831AC3110100B7706B /* NSPersistentStore+MagicalRecord.m */,
				55FA2C841AC3110100B7706B /* NSPersistentStoreCoordinator+MagicalRecord.h */,
				55FA2C851AC3110100B7706B /* NSPersistentStoreCoordinator+MagicalRecord.m */,
			);
			name = Categories;
			path = libraries/MagicalRecord/Categories;
			sourceTree = "<group>";
		};
		55FA2C5B1AC3110100B7706B /* DataImport */ = {
			isa = PBXGroup;
			children = (
				55FA2C5C1AC3110100B7706B /* MagicalImportFunctions.h */,
				55FA2C5D1AC3110100B7706B /* MagicalImportFunctions.m */,
				55FA2C5E1AC3110100B7706B /* NSAttributeDescription+MagicalDataImport.h */,
				55FA2C5F1AC3110100B7706B /* NSAttributeDescription+MagicalDataImport.m */,
				55FA2C601AC3110100B7706B /* NSEntityDescription+MagicalDataImport.h */,
				55FA2C611AC3110100B7706B /* NSEntityDescription+MagicalDataImport.m */,
				55FA2C621AC3110100B7706B /* NSNumber+MagicalDataImport.h */,
				55FA2C631AC3110100B7706B /* NSNumber+MagicalDataImport.m */,
				55FA2C641AC3110100B7706B /* NSObject+MagicalDataImport.h */,
				55FA2C651AC3110100B7706B /* NSObject+MagicalDataImport.m */,
				55FA2C661AC3110100B7706B /* NSRelationshipDescription+MagicalDataImport.h */,
				55FA2C671AC3110100B7706B /* NSRelationshipDescription+MagicalDataImport.m */,
				55FA2C681AC3110100B7706B /* NSString+MagicalDataImport.h */,
				55FA2C691AC3110100B7706B /* NSString+MagicalDataImport.m */,
			);
			path = DataImport;
			sourceTree = "<group>";
		};
		55FA2C6A1AC3110100B7706B /* NSManagedObject */ = {
			isa = PBXGroup;
			children = (
				55FA2C6B1AC3110100B7706B /* NSManagedObject+MagicalAggregation.h */,
				55FA2C6C1AC3110100B7706B /* NSManagedObject+MagicalAggregation.m */,
				55FA2C6D1AC3110100B7706B /* NSManagedObject+MagicalDataImport.h */,
				55FA2C6E1AC3110100B7706B /* NSManagedObject+MagicalDataImport.m */,
				55FA2C6F1AC3110100B7706B /* NSManagedObject+MagicalFinders.h */,
				55FA2C701AC3110100B7706B /* NSManagedObject+MagicalFinders.m */,
				55FA2C711AC3110100B7706B /* NSManagedObject+MagicalRecord.h */,
				55FA2C721AC3110100B7706B /* NSManagedObject+MagicalRecord.m */,
				55FA2C731AC3110100B7706B /* NSManagedObject+MagicalRequests.h */,
				55FA2C741AC3110100B7706B /* NSManagedObject+MagicalRequests.m */,
			);
			path = NSManagedObject;
			sourceTree = "<group>";
		};
		55FA2C751AC3110100B7706B /* NSManagedObjectContext */ = {
			isa = PBXGroup;
			children = (
				55FA2C761AC3110100B7706B /* NSManagedObjectContext+MagicalChainSave.h */,
				55FA2C771AC3110100B7706B /* NSManagedObjectContext+MagicalChainSave.m */,
				55FA2C781AC3110100B7706B /* NSManagedObjectContext+MagicalObserving.h */,
				55FA2C791AC3110100B7706B /* NSManagedObjectContext+MagicalObserving.m */,
				55FA2C7A1AC3110100B7706B /* NSManagedObjectContext+MagicalRecord.h */,
				55FA2C7B1AC3110100B7706B /* NSManagedObjectContext+MagicalRecord.m */,
				55FA2C7C1AC3110100B7706B /* NSManagedObjectContext+MagicalSaves.h */,
				55FA2C7D1AC3110100B7706B /* NSManagedObjectContext+MagicalSaves.m */,
				55FA2C7E1AC3110100B7706B /* NSManagedObjectContext+MagicalThreading.h */,
				55FA2C7F1AC3110100B7706B /* NSManagedObjectContext+MagicalThreading.m */,
			);
			path = NSManagedObjectContext;
			sourceTree = "<group>";
		};
		55FA2C861AC3110100B7706B /* Core */ = {
			isa = PBXGroup;
			children = (
				55FA2C871AC3110100B7706B /* MagicalRecord+Actions.h */,
				55FA2C881AC3110100B7706B /* MagicalRecord+Actions.m */,
				55FA2C891AC3110100B7706B /* MagicalRecord+ErrorHandling.h */,
				55FA2C8A1AC3110100B7706B /* MagicalRecord+ErrorHandling.m */,
				55FA2C8B1AC3110100B7706B /* MagicalRecord+iCloud.h */,
				55FA2C8C1AC3110100B7706B /* MagicalRecord+iCloud.m */,
				55FA2C8D1AC3110100B7706B /* MagicalRecord+Options.h */,
				55FA2C8E1AC3110100B7706B /* MagicalRecord+Options.m */,
				55FA2C8F1AC3110100B7706B /* MagicalRecord+Setup.h */,
				55FA2C901AC3110100B7706B /* MagicalRecord+Setup.m */,
				55FA2C911AC3110100B7706B /* MagicalRecord+ShorthandSupport.h */,
				55FA2C921AC3110100B7706B /* MagicalRecord+ShorthandSupport.m */,
				55FA2C931AC3110100B7706B /* MagicalRecord.h */,
				55FA2C941AC3110100B7706B /* MagicalRecord.m */,
				55FA2C951AC3110100B7706B /* MagicalRecordDeprecated.h */,
				55FA2C961AC3110100B7706B /* MagicalRecordLogging.h */,
				55FA2C971AC3110100B7706B /* MagicalRecordShorthand.h */,
			);
			name = Core;
			path = libraries/MagicalRecord/Core;
			sourceTree = "<group>";
		};
		55FA2CB41AC3110900B7706B /* MagicalRecord */ = {
			isa = PBXGroup;
			children = (
				55FA2C5A1AC3110100B7706B /* Categories */,
				55FA2C861AC3110100B7706B /* Core */,
				55FA2C981AC3110100B7706B /* CoreData+MagicalRecord.h */,
			);
			name = MagicalRecord;
			sourceTree = "<group>";
		};
		55FA2CB61AC3125600B7706B /* AFNetworking */ = {
			isa = PBXGroup;
			children = (
				55FA2CB71AC3125600B7706B /* AFHTTPRequestOperation.h */,
				55FA2CB81AC3125600B7706B /* AFHTTPRequestOperation.m */,
				55FA2CB91AC3125600B7706B /* AFHTTPRequestOperationManager.h */,
				55FA2CBA1AC3125600B7706B /* AFHTTPRequestOperationManager.m */,
				55FA2CBB1AC3125600B7706B /* AFHTTPSessionManager.h */,
				55FA2CBC1AC3125600B7706B /* AFHTTPSessionManager.m */,
				55FA2CBD1AC3125600B7706B /* AFNetworking.h */,
				55FA2CBE1AC3125600B7706B /* AFNetworkReachabilityManager.h */,
				55FA2CBF1AC3125600B7706B /* AFNetworkReachabilityManager.m */,
				55FA2CC01AC3125600B7706B /* AFSecurityPolicy.h */,
				55FA2CC11AC3125600B7706B /* AFSecurityPolicy.m */,
				55FA2CC21AC3125600B7706B /* AFURLConnectionOperation.h */,
				55FA2CC31AC3125600B7706B /* AFURLConnectionOperation.m */,
				55FA2CC41AC3125600B7706B /* AFURLRequestSerialization.h */,
				55FA2CC51AC3125600B7706B /* AFURLRequestSerialization.m */,
				55FA2CC61AC3125600B7706B /* AFURLResponseSerialization.h */,
				55FA2CC71AC3125600B7706B /* AFURLResponseSerialization.m */,
				55FA2CC81AC3125600B7706B /* AFURLSessionManager.h */,
				55FA2CC91AC3125600B7706B /* AFURLSessionManager.m */,
			);
			name = AFNetworking;
			path = libraries/AFNetworking;
			sourceTree = "<group>";
		};
/* End PBXGroup section */

/* Begin PBXNativeTarget section */
		557DF6821AC2E926008E26C9 /* test-middle */ = {
			isa = PBXNativeTarget;
			buildConfigurationList = 557DF6A91AC2E926008E26C9 /* Build configuration list for PBXNativeTarget "test-middle" */;
			buildPhases = (
				557DF67F1AC2E926008E26C9 /* Sources */,
				557DF6801AC2E926008E26C9 /* Frameworks */,
				557DF6811AC2E926008E26C9 /* Resources */,
			);
			buildRules = (
			);
			dependencies = (
			);
			name = "test-middle";
			productName = "test-middle";
			productReference = 557DF6831AC2E926008E26C9 /* test-middle.app */;
			productType = "com.apple.product-type.application";
		};
		557DF69E1AC2E926008E26C9 /* test-middleTests */ = {
			isa = PBXNativeTarget;
			buildConfigurationList = 557DF6AC1AC2E926008E26C9 /* Build configuration list for PBXNativeTarget "test-middleTests" */;
			buildPhases = (
				557DF69B1AC2E926008E26C9 /* Sources */,
				557DF69C1AC2E926008E26C9 /* Frameworks */,
				557DF69D1AC2E926008E26C9 /* Resources */,
			);
			buildRules = (
			);
			dependencies = (
				557DF6A11AC2E926008E26C9 /* PBXTargetDependency */,
			);
			name = "test-middleTests";
			productName = "test-middleTests";
			productReference = 557DF69F1AC2E926008E26C9 /* test-middleTests.xctest */;
			productType = "com.apple.product-type.bundle.unit-test";
		};
/* End PBXNativeTarget section */

/* Begin PBXProject section */
		557DF67B1AC2E926008E26C9 /* Project object */ = {
			isa = PBXProject;
			attributes = {
				LastUpgradeCheck = 0620;
				ORGANIZATIONNAME = sebbia;
				TargetAttributes = {
					556759671AC444E90071059B = {
						CreatedOnToolsVersion = 6.2;
					};
					557DF6821AC2E926008E26C9 = {
						CreatedOnToolsVersion = 6.2;
					};
					557DF69E1AC2E926008E26C9 = {
						CreatedOnToolsVersion = 6.2;
						TestTargetID = 557DF6821AC2E926008E26C9;
					};
				};
			};
			buildConfigurationList = 557DF67E1AC2E926008E26C9 /* Build configuration list for PBXProject "test-middle" */;
			compatibilityVersion = "Xcode 3.2";
			developmentRegion = English;
			hasScannedForEncodings = 0;
			knownRegions = (
				en,
				Base,
			);
			mainGroup = 557DF67A1AC2E926008E26C9;
			productRefGroup = 557DF6841AC2E926008E26C9 /* Products */;
			projectDirPath = "";
			projectRoot = "";
			targets = (
				557DF6821AC2E926008E26C9 /* test-middle */,
				557DF69E1AC2E926008E26C9 /* test-middleTests */,
				556759671AC444E90071059B /* ModelGenerator */,
			);
		};
/* End PBXProject section */

/* Begin PBXResourcesBuildPhase section */
		557DF6811AC2E926008E26C9 /* Resources */ = {
			isa = PBXResourcesBuildPhase;
			buildActionMask = 2147483647;
			files = (
				557DF69A1AC2E926008E26C9 /* LaunchScreen.xib in Resources */,
				5599F4321AC2F613003D673C /* VKSdkResources.bundle in Resources */,
				557DF6971AC2E926008E26C9 /* Images.xcassets in Resources */,
			);
			runOnlyForDeploymentPostprocessing = 0;
		};
		557DF69D1AC2E926008E26C9 /* Resources */ = {
			isa = PBXResourcesBuildPhase;
			buildActionMask = 2147483647;
			files = (
			);
			runOnlyForDeploymentPostprocessing = 0;
		};
/* End PBXResourcesBuildPhase section */

/* Begin PBXShellScriptBuildPhase section */
		5567596B1AC444EF0071059B /* ShellScript */ = {
			isa = PBXShellScriptBuildPhase;
			buildActionMask = 2147483647;
			files = (
			);
			inputPaths = (
			);
			outputPaths = (
			);
			runOnlyForDeploymentPostprocessing = 0;
			shellPath = /bin/sh;
			shellScript = "cd test-middle\n/usr/local/bin/mogenerator -m test_middle.xcdatamodeld/test_middle.xcdatamodel/ --template-var arc=true  -M Model/Private -H Model/Public";
		};
/* End PBXShellScriptBuildPhase section */

/* Begin PBXSourcesBuildPhase section */
		557DF67F1AC2E926008E26C9 /* Sources */ = {
			isa = PBXSourcesBuildPhase;
			buildActionMask = 2147483647;
			files = (
				55FA2CA31AC3110100B7706B /* NSManagedObject+MagicalRecord.m in Sources */,
				55FA2C9A1AC3110100B7706B /* NSAttributeDescription+MagicalDataImport.m in Sources */,
				55FA2CA51AC3110100B7706B /* NSManagedObjectContext+MagicalChainSave.m in Sources */,
				55FA2CA41AC3110100B7706B /* NSManagedObject+MagicalRequests.m in Sources */,
				55FA2C9E1AC3110100B7706B /* NSRelationshipDescription+MagicalDataImport.m in Sources */,
				55FA2CCB1AC3125600B7706B /* AFHTTPRequestOperationManager.m in Sources */,
				55FA2C991AC3110100B7706B /* MagicalImportFunctions.m in Sources */,
				55FA2CDF1AC3666F00B7706B /* VkontakteHelper.m in Sources */,
				55FA2C9B1AC3110100B7706B /* NSEntityDescription+MagicalDataImport.m in Sources */,
				55FA2CAB1AC3110100B7706B /* NSPersistentStore+MagicalRecord.m in Sources */,
				557DF68C1AC2E926008E26C9 /* AppDelegate.m in Sources */,
				55FA2CD81AC357BC00B7706B /* UIFont+Styles.m in Sources */,
				557DF68F1AC2E926008E26C9 /* test_middle.xcdatamodeld in Sources */,
				55FA2CAF1AC3110100B7706B /* MagicalRecord+iCloud.m in Sources */,
				55FA2CAC1AC3110100B7706B /* NSPersistentStoreCoordinator+MagicalRecord.m in Sources */,
				55FA2CB11AC3110100B7706B /* MagicalRecord+Setup.m in Sources */,
				55FA2CA21AC3110100B7706B /* NSManagedObject+MagicalFinders.m in Sources */,
				556759731AC44AA90071059B /* _AlbumList.m in Sources */,
				55FA2CCC1AC3125600B7706B /* AFHTTPSessionManager.m in Sources */,
				55FA2CDB1AC358A600B7706B /* UIColor+Styles.m in Sources */,
				55FA2CB21AC3110100B7706B /* MagicalRecord+ShorthandSupport.m in Sources */,
				55FA2CCD1AC3125600B7706B /* AFNetworkReachabilityManager.m in Sources */,
				55FA2C9D1AC3110100B7706B /* NSObject+MagicalDataImport.m in Sources */,
				55FA2CCF1AC3125600B7706B /* AFURLConnectionOperation.m in Sources */,
				55FA2CB01AC3110100B7706B /* MagicalRecord+Options.m in Sources */,
				55FA2CAE1AC3110100B7706B /* MagicalRecord+ErrorHandling.m in Sources */,
				55FA2C9F1AC3110100B7706B /* NSString+MagicalDataImport.m in Sources */,
				557DF6921AC2E926008E26C9 /* AuthViewController.m in Sources */,
				55FA2CCA1AC3125600B7706B /* AFHTTPRequestOperation.m in Sources */,
				55FA2CD21AC3125600B7706B /* AFURLSessionManager.m in Sources */,
				55FA2CA81AC3110100B7706B /* NSManagedObjectContext+MagicalSaves.m in Sources */,
				556759661AC43A2C0071059B /* PhotoListViewController.m in Sources */,
				55FA2CB31AC3110100B7706B /* MagicalRecord.m in Sources */,
				55FA2CA91AC3110100B7706B /* NSManagedObjectContext+MagicalThreading.m in Sources */,
				55FA2CA71AC3110100B7706B /* NSManagedObjectContext+MagicalRecord.m in Sources */,
				55FA2CCE1AC3125600B7706B /* AFSecurityPolicy.m in Sources */,
				55FA2CD51AC355F300B7706B /* Button.m in Sources */,
				55FA2CA01AC3110100B7706B /* NSManagedObject+MagicalAggregation.m in Sources */,
				55FA2CD11AC3125600B7706B /* AFURLResponseSerialization.m in Sources */,
				55FA2CD01AC3125600B7706B /* AFURLRequestSerialization.m in Sources */,
				55FA2CA61AC3110100B7706B /* NSManagedObjectContext+MagicalObserving.m in Sources */,
				557DF6891AC2E926008E26C9 /* main.m in Sources */,
				556759741AC44AA90071059B /* AlbumList.m in Sources */,
				55FA2CAA1AC3110100B7706B /* NSManagedObjectModel+MagicalRecord.m in Sources */,
				55FA2C9C1AC3110100B7706B /* NSNumber+MagicalDataImport.m in Sources */,
				55FA2CA11AC3110100B7706B /* NSManagedObject+MagicalDataImport.m in Sources */,
				55FA2CAD1AC3110100B7706B /* MagicalRecord+Actions.m in Sources */,
			);
			runOnlyForDeploymentPostprocessing = 0;
		};
		557DF69B1AC2E926008E26C9 /* Sources */ = {
			isa = PBXSourcesBuildPhase;
			buildActionMask = 2147483647;
			files = (
				557DF6A61AC2E926008E26C9 /* test_middleTests.m in Sources */,
			);
			runOnlyForDeploymentPostprocessing = 0;
		};
/* End PBXSourcesBuildPhase section */

/* Begin PBXTargetDependency section */
		557DF6A11AC2E926008E26C9 /* PBXTargetDependency */ = {
			isa = PBXTargetDependency;
			target = 557DF6821AC2E926008E26C9 /* test-middle */;
			targetProxy = 557DF6A01AC2E926008E26C9 /* PBXContainerItemProxy */;
		};
/* End PBXTargetDependency section */

/* Begin PBXVariantGroup section */
		557DF6981AC2E926008E26C9 /* LaunchScreen.xib */ = {
			isa = PBXVariantGroup;
			children = (
				557DF6991AC2E926008E26C9 /* Base */,
			);
			name = LaunchScreen.xib;
			sourceTree = "<group>";
		};
/* End PBXVariantGroup section */

/* Begin XCBuildConfiguration section */
		556759691AC444E90071059B /* Debug */ = {
			isa = XCBuildConfiguration;
			buildSettings = {
				PRODUCT_NAME = "$(TARGET_NAME)";
			};
			name = Debug;
		};
		5567596A1AC444E90071059B /* Release */ = {
			isa = XCBuildConfiguration;
			buildSettings = {
				PRODUCT_NAME = "$(TARGET_NAME)";
			};
			name = Release;
		};
		557DF6A71AC2E926008E26C9 /* Debug */ = {
			isa = XCBuildConfiguration;
			buildSettings = {
				ALWAYS_SEARCH_USER_PATHS = NO;
				CLANG_CXX_LANGUAGE_STANDARD = "gnu++0x";
				CLANG_CXX_LIBRARY = "libc++";
				CLANG_ENABLE_MODULES = YES;
				CLANG_ENABLE_OBJC_ARC = YES;
				CLANG_WARN_BOOL_CONVERSION = YES;
				CLANG_WARN_CONSTANT_CONVERSION = YES;
				CLANG_WARN_DIRECT_OBJC_ISA_USAGE = YES_ERROR;
				CLANG_WARN_EMPTY_BODY = YES;
				CLANG_WARN_ENUM_CONVERSION = YES;
				CLANG_WARN_INT_CONVERSION = YES;
				CLANG_WARN_OBJC_ROOT_CLASS = YES_ERROR;
				CLANG_WARN_UNREACHABLE_CODE = YES;
				CLANG_WARN__DUPLICATE_METHOD_MATCH = YES;
				"CODE_SIGN_IDENTITY[sdk=iphoneos*]" = "iPhone Developer";
				COPY_PHASE_STRIP = NO;
				ENABLE_STRICT_OBJC_MSGSEND = YES;
				GCC_C_LANGUAGE_STANDARD = gnu99;
				GCC_DYNAMIC_NO_PIC = NO;
				GCC_OPTIMIZATION_LEVEL = 0;
				GCC_PREPROCESSOR_DEFINITIONS = (
					"DEBUG=1",
					"$(inherited)",
				);
				GCC_SYMBOLS_PRIVATE_EXTERN = NO;
				GCC_WARN_64_TO_32_BIT_CONVERSION = YES;
				GCC_WARN_ABOUT_RETURN_TYPE = YES_ERROR;
				GCC_WARN_UNDECLARED_SELECTOR = YES;
				GCC_WARN_UNINITIALIZED_AUTOS = YES_AGGRESSIVE;
				GCC_WARN_UNUSED_FUNCTION = YES;
				GCC_WARN_UNUSED_VARIABLE = YES;
				IPHONEOS_DEPLOYMENT_TARGET = 8.2;
				MTL_ENABLE_DEBUG_INFO = YES;
				ONLY_ACTIVE_ARCH = YES;
				SDKROOT = iphoneos;
				TARGETED_DEVICE_FAMILY = "1,2";
			};
			name = Debug;
		};
		557DF6A81AC2E926008E26C9 /* Release */ = {
			isa = XCBuildConfiguration;
			buildSettings = {
				ALWAYS_SEARCH_USER_PATHS = NO;
				CLANG_CXX_LANGUAGE_STANDARD = "gnu++0x";
				CLANG_CXX_LIBRARY = "libc++";
				CLANG_ENABLE_MODULES = YES;
				CLANG_ENABLE_OBJC_ARC = YES;
				CLANG_WARN_BOOL_CONVERSION = YES;
				CLANG_WARN_CONSTANT_CONVERSION = YES;
				CLANG_WARN_DIRECT_OBJC_ISA_USAGE = YES_ERROR;
				CLANG_WARN_EMPTY_BODY = YES;
				CLANG_WARN_ENUM_CONVERSION = YES;
				CLANG_WARN_INT_CONVERSION = YES;
				CLANG_WARN_OBJC_ROOT_CLASS = YES_ERROR;
				CLANG_WARN_UNREACHABLE_CODE = YES;
				CLANG_WARN__DUPLICATE_METHOD_MATCH = YES;
				"CODE_SIGN_IDENTITY[sdk=iphoneos*]" = "iPhone Developer";
				COPY_PHASE_STRIP = NO;
				ENABLE_NS_ASSERTIONS = NO;
				ENABLE_STRICT_OBJC_MSGSEND = YES;
				GCC_C_LANGUAGE_STANDARD = gnu99;
				GCC_WARN_64_TO_32_BIT_CONVERSION = YES;
				GCC_WARN_ABOUT_RETURN_TYPE = YES_ERROR;
				GCC_WARN_UNDECLARED_SELECTOR = YES;
				GCC_WARN_UNINITIALIZED_AUTOS = YES_AGGRESSIVE;
				GCC_WARN_UNUSED_FUNCTION = YES;
				GCC_WARN_UNUSED_VARIABLE = YES;
				IPHONEOS_DEPLOYMENT_TARGET = 8.2;
				MTL_ENABLE_DEBUG_INFO = NO;
				SDKROOT = iphoneos;
				TARGETED_DEVICE_FAMILY = "1,2";
				VALIDATE_PRODUCT = YES;
			};
			name = Release;
		};
		557DF6AA1AC2E926008E26C9 /* Debug */ = {
			isa = XCBuildConfiguration;
			buildSettings = {
				ASSETCATALOG_COMPILER_APPICON_NAME = AppIcon;
				FRAMEWORK_SEARCH_PATHS = (
					"$(inherited)",
					"$(PROJECT_DIR)/test-middle/libraries",
				);
				GCC_PREFIX_HEADER = "test-middle/PrefixHeader.pch";
				INFOPLIST_FILE = "test-middle/Info.plist";
				IPHONEOS_DEPLOYMENT_TARGET = 7.0;
				LD_RUNPATH_SEARCH_PATHS = "$(inherited) @executable_path/Frameworks";
				PRODUCT_NAME = "$(TARGET_NAME)";
			};
			name = Debug;
		};
		557DF6AB1AC2E926008E26C9 /* Release */ = {
			isa = XCBuildConfiguration;
			buildSettings = {
				ASSETCATALOG_COMPILER_APPICON_NAME = AppIcon;
				FRAMEWORK_SEARCH_PATHS = (
					"$(inherited)",
					"$(PROJECT_DIR)/test-middle/libraries",
				);
				GCC_PREFIX_HEADER = "test-middle/PrefixHeader.pch";
				INFOPLIST_FILE = "test-middle/Info.plist";
				IPHONEOS_DEPLOYMENT_TARGET = 7.0;
				LD_RUNPATH_SEARCH_PATHS = "$(inherited) @executable_path/Frameworks";
				PRODUCT_NAME = "$(TARGET_NAME)";
			};
			name = Release;
		};
		557DF6AD1AC2E926008E26C9 /* Debug */ = {
			isa = XCBuildConfiguration;
			buildSettings = {
				BUNDLE_LOADER = "$(TEST_HOST)";
				FRAMEWORK_SEARCH_PATHS = (
					"$(SDKROOT)/Developer/Library/Frameworks",
					"$(inherited)",
				);
				GCC_PREPROCESSOR_DEFINITIONS = (
					"DEBUG=1",
					"$(inherited)",
				);
				INFOPLIST_FILE = "test-middleTests/Info.plist";
				LD_RUNPATH_SEARCH_PATHS = "$(inherited) @executable_path/Frameworks @loader_path/Frameworks";
				PRODUCT_NAME = "$(TARGET_NAME)";
				TEST_HOST = "$(BUILT_PRODUCTS_DIR)/test-middle.app/test-middle";
			};
			name = Debug;
		};
		557DF6AE1AC2E926008E26C9 /* Release */ = {
			isa = XCBuildConfiguration;
			buildSettings = {
				BUNDLE_LOADER = "$(TEST_HOST)";
				FRAMEWORK_SEARCH_PATHS = (
					"$(SDKROOT)/Developer/Library/Frameworks",
					"$(inherited)",
				);
				INFOPLIST_FILE = "test-middleTests/Info.plist";
				LD_RUNPATH_SEARCH_PATHS = "$(inherited) @executable_path/Frameworks @loader_path/Frameworks";
				PRODUCT_NAME = "$(TARGET_NAME)";
				TEST_HOST = "$(BUILT_PRODUCTS_DIR)/test-middle.app/test-middle";
			};
			name = Release;
		};
/* End XCBuildConfiguration section */

/* Begin XCConfigurationList section */
		556759681AC444E90071059B /* Build configuration list for PBXAggregateTarget "ModelGenerator" */ = {
			isa = XCConfigurationList;
			buildConfigurations = (
				556759691AC444E90071059B /* Debug */,
				5567596A1AC444E90071059B /* Release */,
			);
			defaultConfigurationIsVisible = 0;
			defaultConfigurationName = Release;
		};
		557DF67E1AC2E926008E26C9 /* Build configuration list for PBXProject "test-middle" */ = {
			isa = XCConfigurationList;
			buildConfigurations = (
				557DF6A71AC2E926008E26C9 /* Debug */,
				557DF6A81AC2E926008E26C9 /* Release */,
			);
			defaultConfigurationIsVisible = 0;
			defaultConfigurationName = Release;
		};
		557DF6A91AC2E926008E26C9 /* Build configuration list for PBXNativeTarget "test-middle" */ = {
			isa = XCConfigurationList;
			buildConfigurations = (
				557DF6AA1AC2E926008E26C9 /* Debug */,
				557DF6AB1AC2E926008E26C9 /* Release */,
			);
			defaultConfigurationIsVisible = 0;
			defaultConfigurationName = Release;
		};
		557DF6AC1AC2E926008E26C9 /* Build configuration list for PBXNativeTarget "test-middleTests" */ = {
			isa = XCConfigurationList;
			buildConfigurations = (
				557DF6AD1AC2E926008E26C9 /* Debug */,
				557DF6AE1AC2E926008E26C9 /* Release */,
			);
			defaultConfigurationIsVisible = 0;
			defaultConfigurationName = Release;
		};
/* End XCConfigurationList section */

/* Begin XCVersionGroup section */
		557DF68D1AC2E926008E26C9 /* test_middle.xcdatamodeld */ = {
			isa = XCVersionGroup;
			children = (
				557DF68E1AC2E926008E26C9 /* test_middle.xcdatamodel */,
			);
			currentVersion = 557DF68E1AC2E926008E26C9 /* test_middle.xcdatamodel */;
			path = test_middle.xcdatamodeld;
			sourceTree = "<group>";
			versionGroupType = wrapper.xcdatamodel;
		};
/* End XCVersionGroup section */
	};
	rootObject = 557DF67B1AC2E926008E26C9 /* Project object */;
}
